{
  "nodes": {
    "home-manager-20-09": {
      "inputs": {
        "nixpkgs": [
          "nixos-20-09"
        ]
      },
      "locked": {
        "lastModified": 1609010567,
        "narHash": "sha256-N6WslRAtrvCPCpQnxQqo+VlSivX/KylL9Xy/OZr0kMg=",
        "owner": "nix-community",
        "repo": "home-manager",
        "rev": "22f6736e628958f05222ddaadd7df7818fe8f59d",
        "type": "github"
      },
      "original": {
        "owner": "nix-community",
        "ref": "release-20.09",
        "repo": "home-manager",
        "type": "github"
      }
    },
    "nixos-20-09": {
      "locked": {
        "lastModified": 1610637514,
        "narHash": "sha256-XZkdjPTTek6nc1N6jKiDybp7p3gdKL/NhS7g8nm7iKI=",
        "owner": "NixOS",
        "repo": "nixpkgs",
        "rev": "3d8fa5f72158b866804ab30f42f6937bf25e420f",
        "type": "github"
      },
      "original": {
        "owner": "NixOS",
        "ref": "nixos-20.09",
        "repo": "nixpkgs",
        "type": "github"
      }
    },
    "root": {
      "inputs": {
        "home-manager-20-09": "home-manager-20-09",
        "nixos-20-09": "nixos-20-09"
      }
    }
  },
  "root": "root",
  "version": 7
}
