{
  "nodes": {
    "home-manager-20-09": {
      "inputs": {
        "nixpkgs": [
          "nixos-20-09"
        ]
      },
      "locked": {
        "lastModified": 1612902587,
        "narHash": "sha256-VZ7Z1OMFf5ReObu3CCVBsC2DWloTYDjqW1onUKejVrE=",
        "owner": "nix-community",
        "repo": "home-manager",
        "rev": "209566c752c4428c7692c134731971193f06b37c",
        "type": "github"
      },
      "original": {
        "owner": "nix-community",
        "ref": "release-20.09",
        "repo": "home-manager",
        "type": "github"
      }
    },
    "nixos-20-09": {
      "locked": {
        "lastModified": 1614267137,
        "narHash": "sha256-9XF2tp66RkXjhBs4iqcCYQ2xUdc4r2QAh/yaMHr3lok=",
        "owner": "NixOS",
        "repo": "nixpkgs",
        "rev": "42809feaa9f7474f5566a5c6e8e317e15e39160e",
        "type": "github"
      },
      "original": {
        "owner": "NixOS",
        "ref": "nixos-20.09",
        "repo": "nixpkgs",
        "type": "github"
      }
    },
    "root": {
      "inputs": {
        "home-manager-20-09": "home-manager-20-09",
        "nixos-20-09": "nixos-20-09"
      }
    }
  },
  "root": "root",
  "version": 7
}
