{
  "nodes": {
    "home-manager": {
      "inputs": {
        "nixpkgs": [
          "unstable"
        ]
      },
      "locked": {
        "lastModified": 1607103545,
        "narHash": "sha256-JslO6P8eq2XjKBIy3qtRPMkFd3h16QQJbS+Fn+vaojg=",
        "owner": "nix-community",
        "repo": "home-manager",
        "rev": "aaa5329d39724cff69f210da95aebda01a7edec3",
        "type": "github"
      },
      "original": {
        "owner": "nix-community",
        "ref": "master",
        "repo": "home-manager",
        "type": "github"
      }
    },
    "nixpkgs": {
      "locked": {
        "lastModified": 1606984864,
        "narHash": "sha256-yTz6tNbjOz7ezTw/r+M9CgYlfXczEtPlLnwkk2D0CUg=",
        "owner": "NixOS",
        "repo": "nixpkgs",
        "rev": "296793637b22bdb4d23b479879eba0a71c132a66",
        "type": "github"
      },
      "original": {
        "owner": "NixOS",
        "ref": "nixos-unstable",
        "repo": "nixpkgs",
        "type": "github"
      }
    },
    "root": {
      "inputs": {
        "home-manager": "home-manager",
        "nixpkgs": "nixpkgs",
        "unstable": "unstable"
      }
    },
    "unstable": {
      "locked": {
        "lastModified": 1607092910,
        "narHash": "sha256-qnpo32a0QSLl3HLMK4BdjMj6NqlNjoX6BndHxPVfxJU=",
        "owner": "NixOS",
        "repo": "nixpkgs",
        "rev": "b3abbd61f52ec1acc08a0c49972c4a152e657f1f",
        "type": "github"
      },
      "original": {
        "owner": "NixOS",
        "ref": "nixpkgs-unstable",
        "repo": "nixpkgs",
        "type": "github"
      }
    }
  },
  "root": "root",
  "version": 7
}
